
Microsoft Visual Studio Solution File, Format Version 12.00
# Visual Studio 15
VisualStudioVersion = 15.0.28307.1259
MinimumVisualStudioVersion = 10.0.40219.1
Project("{8BC9CEB8-8B4A-11D0-8D11-00A0C91BC942}") = "LearnOpenGL", "LearnOpenGL\LearnOpenGL.vcxproj", "{FCD0363E-7096-42FB-A829-982345CA5AF3}"
EndProject
Project("{8BC9CEB8-8B4A-11D0-8D11-00A0C91BC942}") = "Resource", "Resource\Resource.vcxproj", "{38AE3A0B-ECD7-41D7-9791-E8D0F6CDB63D}"
EndProject
Global
	GlobalSection(SolutionConfigurationPlatforms) = preSolution
		Debug|x64 = Debug|x64
		Debug|x86 = Debug|x86
		Release|x64 = Release|x64
		Release|x86 = Release|x86
	EndGlobalSection
	GlobalSection(ProjectConfigurationPlatforms) = postSolution
		{FCD0363E-7096-42FB-A829-982345CA5AF3}.Debug|x64.ActiveCfg = Debug|x64
		{FCD0363E-7096-42FB-A829-982345CA5AF3}.Debug|x64.Build.0 = Debug|x64
		{FCD0363E-7096-42FB-A829-982345CA5AF3}.Debug|x86.ActiveCfg = Debug|Win32
		{FCD0363E-7096-42FB-A829-982345CA5AF3}.Debug|x86.Build.0 = Debug|Win32
		{FCD0363E-7096-42FB-A829-982345CA5AF3}.Release|x64.ActiveCfg = Release|x64
		{FCD0363E-7096-42FB-A829-982345CA5AF3}.Release|x64.Build.0 = Release|x64
		{FCD0363E-7096-42FB-A829-982345CA5AF3}.Release|x86.ActiveCfg = Release|Win32
		{FCD0363E-7096-42FB-A829-982345CA5AF3}.Release|x86.Build.0 = Release|Win32
		{38AE3A0B-ECD7-41D7-9791-E8D0F6CDB63D}.Debug|x64.ActiveCfg = Debug|x64
		{38AE3A0B-ECD7-41D7-9791-E8D0F6CDB63D}.Debug|x86.ActiveCfg = Debug|Win32
		{38AE3A0B-ECD7-41D7-9791-E8D0F6CDB63D}.Release|x64.ActiveCfg = Release|x64
		{38AE3A0B-ECD7-41D7-9791-E8D0F6CDB63D}.Release|x86.ActiveCfg = Release|Win32
	EndGlobalSection
	GlobalSection(SolutionProperties) = preSolution
		HideSolutionNode = FALSE
	EndGlobalSection
	GlobalSection(ExtensibilityGlobals) = postSolution
		SolutionGuid = {BA5CDD2C-5C6D-438C-978D-6E835AC35507}
	EndGlobalSection
EndGlobal
